
Microsoft Visual Studio Solution File, Format Version 12.00
# Visual Studio 14
VisualStudioVersion = 14.0.24720.0
MinimumVisualStudioVersion = 10.0.40219.1
Project("{FAE04EC0-301F-11D3-BF4B-00C04F79EFBC}") = "ClashOfClans_Consultas", "ClashOfClans_Consultas\ClashOfClans_Consultas.csproj", "{0B07E198-1AFF-4D75-9B4F-A84157B66597}"
EndProject
Project("{FAE04EC0-301F-11D3-BF4B-00C04F79EFBC}") = "ClashOfClansAPI", "ClashOfClansAPI\ClashOfClansAPI.csproj", "{BED96B63-DF25-4AD4-90B2-7161BF546061}"
EndProject
Global
	GlobalSection(SolutionConfigurationPlatforms) = preSolution
		Debug|Any CPU = Debug|Any CPU
		Release|Any CPU = Release|Any CPU
	EndGlobalSection
	GlobalSection(ProjectConfigurationPlatforms) = postSolution
		{0B07E198-1AFF-4D75-9B4F-A84157B66597}.Debug|Any CPU.ActiveCfg = Debug|Any CPU
		{0B07E198-1AFF-4D75-9B4F-A84157B66597}.Debug|Any CPU.Build.0 = Debug|Any CPU
		{0B07E198-1AFF-4D75-9B4F-A84157B66597}.Release|Any CPU.ActiveCfg = Release|Any CPU
		{0B07E198-1AFF-4D75-9B4F-A84157B66597}.Release|Any CPU.Build.0 = Release|Any CPU
		{BED96B63-DF25-4AD4-90B2-7161BF546061}.Debug|Any CPU.ActiveCfg = Debug|Any CPU
		{BED96B63-DF25-4AD4-90B2-7161BF546061}.Debug|Any CPU.Build.0 = Debug|Any CPU
		{BED96B63-DF25-4AD4-90B2-7161BF546061}.Release|Any CPU.ActiveCfg = Release|Any CPU
		{BED96B63-DF25-4AD4-90B2-7161BF546061}.Release|Any CPU.Build.0 = Release|Any CPU
	EndGlobalSection
	GlobalSection(SolutionProperties) = preSolution
		HideSolutionNode = FALSE
	EndGlobalSection
EndGlobal
